
Microsoft Visual Studio Solution File, Format Version 12.00
# Visual Studio Version 17
VisualStudioVersion = 17.5.33414.496
MinimumVisualStudioVersion = 10.0.40219.1
Project("{FAE04EC0-301F-11D3-BF4B-00C04F79EFBC}") = "Server", "Server.csproj", "{F66B854B-83AC-4E78-A976-FD63CA31917C}"
EndProject
Project("{FAE04EC0-301F-11D3-BF4B-00C04F79EFBC}") = "Client", "..\Client\Client.csproj", "{4EFCE7E3-DA13-48DE-A811-1CDA84850211}"
EndProject
Global
	GlobalSection(SolutionConfigurationPlatforms) = preSolution
		Debug|Any CPU = Debug|Any CPU
		Release|Any CPU = Release|Any CPU
	EndGlobalSection
	GlobalSection(ProjectConfigurationPlatforms) = postSolution
		{F66B854B-83AC-4E78-A976-FD63CA31917C}.Debug|Any CPU.ActiveCfg = Debug|Any CPU
		{F66B854B-83AC-4E78-A976-FD63CA31917C}.Debug|Any CPU.Build.0 = Debug|Any CPU
		{F66B854B-83AC-4E78-A976-FD63CA31917C}.Release|Any CPU.ActiveCfg = Release|Any CPU
		{F66B854B-83AC-4E78-A976-FD63CA31917C}.Release|Any CPU.Build.0 = Release|Any CPU
		{4EFCE7E3-DA13-48DE-A811-1CDA84850211}.Debug|Any CPU.ActiveCfg = Debug|Any CPU
		{4EFCE7E3-DA13-48DE-A811-1CDA84850211}.Debug|Any CPU.Build.0 = Debug|Any CPU
		{4EFCE7E3-DA13-48DE-A811-1CDA84850211}.Release|Any CPU.ActiveCfg = Release|Any CPU
		{4EFCE7E3-DA13-48DE-A811-1CDA84850211}.Release|Any CPU.Build.0 = Release|Any CPU
	EndGlobalSection
	GlobalSection(SolutionProperties) = preSolution
		HideSolutionNode = FALSE
	EndGlobalSection
	GlobalSection(ExtensibilityGlobals) = postSolution
		SolutionGuid = {A361F16B-E232-4918-825F-16531CDAE77E}
	EndGlobalSection
EndGlobal
